
Microsoft Visual Studio Solution File, Format Version 12.00
# Visual Studio Version 17
VisualStudioVersion = 17.11.35327.3
MinimumVisualStudioVersion = 10.0.40219.1
Project("{FAE04EC0-301F-11D3-BF4B-00C04F79EFBC}") = "CRUDMiguelDoriaEF", "CRUDMiguelDoriaEF\CRUDMiguelDoriaEF.csproj", "{CD081F44-3D90-4863-91A0-882F422D96FB}"
EndProject
Global
	GlobalSection(SolutionConfigurationPlatforms) = preSolution
		Debug|Any CPU = Debug|Any CPU
		Release|Any CPU = Release|Any CPU
	EndGlobalSection
	GlobalSection(ProjectConfigurationPlatforms) = postSolution
		{CD081F44-3D90-4863-91A0-882F422D96FB}.Debug|Any CPU.ActiveCfg = Debug|Any CPU
		{CD081F44-3D90-4863-91A0-882F422D96FB}.Debug|Any CPU.Build.0 = Debug|Any CPU
		{CD081F44-3D90-4863-91A0-882F422D96FB}.Release|Any CPU.ActiveCfg = Release|Any CPU
		{CD081F44-3D90-4863-91A0-882F422D96FB}.Release|Any CPU.Build.0 = Release|Any CPU
	EndGlobalSection
	GlobalSection(SolutionProperties) = preSolution
		HideSolutionNode = FALSE
	EndGlobalSection
	GlobalSection(ExtensibilityGlobals) = postSolution
		SolutionGuid = {1E2C3BC8-FD2C-4671-9E01-A5A10970303C}
	EndGlobalSection
EndGlobal
